
Microsoft Visual Studio Solution File, Format Version 12.00
# Visual Studio Version 17
VisualStudioVersion = 17.11.35431.28
MinimumVisualStudioVersion = 10.0.40219.1
Project("{FAE04EC0-301F-11D3-BF4B-00C04F79EFBC}") = "InventoryManagement.API", "InventoryManagement.API\InventoryManagement.API.csproj", "{723CF206-2CDB-481A-972A-C42DBA19CCE5}"
EndProject
Global
	GlobalSection(SolutionConfigurationPlatforms) = preSolution
		Debug|Any CPU = Debug|Any CPU
		Release|Any CPU = Release|Any CPU
	EndGlobalSection
	GlobalSection(ProjectConfigurationPlatforms) = postSolution
		{723CF206-2CDB-481A-972A-C42DBA19CCE5}.Debug|Any CPU.ActiveCfg = Debug|Any CPU
		{723CF206-2CDB-481A-972A-C42DBA19CCE5}.Debug|Any CPU.Build.0 = Debug|Any CPU
		{723CF206-2CDB-481A-972A-C42DBA19CCE5}.Release|Any CPU.ActiveCfg = Release|Any CPU
		{723CF206-2CDB-481A-972A-C42DBA19CCE5}.Release|Any CPU.Build.0 = Release|Any CPU
	EndGlobalSection
	GlobalSection(SolutionProperties) = preSolution
		HideSolutionNode = FALSE
	EndGlobalSection
	GlobalSection(ExtensibilityGlobals) = postSolution
		SolutionGuid = {552B9F21-1952-4FB6-BE76-9659D45555B5}
	EndGlobalSection
EndGlobal
